{
  "originHash" : "c72df466918f0fc73d5b33b921a7f67d7acf188e087bd690f98bf13cb0963ef5",
  "pins" : [
    {
      "identity" : "bonsai",
      "kind" : "remoteSourceControl",
      "location" : "https://github.com/loopwerk/Bonsai",
      "state" : {
        "revision" : "2d1df296d4a8f26f6050693143a48adcfce32a07",
        "version" : "1.1.0"
      }
    },
    {
      "identity" : "jxkit",
      "kind" : "remoteSourceControl",
      "location" : "https://github.com/jectivex/JXKit",
      "state" : {
        "revision" : "a4c1872d36036fe4ade4b1cadb268603e89e25f0",
        "version" : "3.6.0"
      }
    },
    {
      "identity" : "moon",
      "kind" : "remoteSourceControl",
      "location" : "https://github.com/loopwerk/Moon",
      "state" : {
        "revision" : "439d48259e278863203f5a6f67bb45c84ffbd360",
        "version" : "1.3.0"
      }
    },
    {
      "identity" : "parsley",
      "kind" : "remoteSourceControl",
      "location" : "https://github.com/loopwerk/Parsley",
      "state" : {
        "revision" : "e7c825b00846c3006a1ed2d75d9674ee69cadbf6",
        "version" : "1.1.0"
      }
    },
    {
      "identity" : "saga",
      "kind" : "remoteSourceControl",
      "location" : "https://github.com/loopwerk/Saga",
      "state" : {
        "revision" : "3f597bb89172a8deb43e090ed90c6fb1ab86b7eb",
        "version" : "2.21.0"
      }
    },
    {
      "identity" : "sagaparsleymarkdownreader",
      "kind" : "remoteSourceControl",
      "location" : "https://github.com/loopwerk/SagaParsleyMarkdownReader",
      "state" : {
        "revision" : "3c4199255d0812363adfaee3990359aaa96de4ee",
        "version" : "1.2.1"
      }
    },
    {
      "identity" : "sagapathkit",
      "kind" : "remoteSourceControl",
      "location" : "https://github.com/loopwerk/SagaPathKit",
      "state" : {
        "revision" : "3d8c6ba5c2b89f83fe55f9f494dea26922e0629c",
        "version" : "1.4.0"
      }
    },
    {
      "identity" : "sagaswimrenderer",
      "kind" : "remoteSourceControl",
      "location" : "https://github.com/loopwerk/SagaSwimRenderer",
      "state" : {
        "revision" : "b14e06fa8f0549c385f89d4e5debd2656e47167d",
        "version" : "1.2.1"
      }
    },
    {
      "identity" : "sagautils",
      "kind" : "remoteSourceControl",
      "location" : "https://github.com/loopwerk/SagaUtils",
      "state" : {
        "revision" : "ab3a53e008b00ad2751f13fe047035b9efd2f2b0",
        "version" : "1.3.1"
      }
    },
    {
      "identity" : "swift-asn1",
      "kind" : "remoteSourceControl",
      "location" : "https://github.com/apple/swift-asn1.git",
      "state" : {
        "revision" : "810496cf121e525d660cd0ea89a758740476b85f",
        "version" : "1.5.1"
      }
    },
    {
      "identity" : "swift-cmark",
      "kind" : "remoteSourceControl",
      "location" : "https://github.com/swiftlang/swift-cmark.git",
      "state" : {
        "revision" : "5d9bdaa4228b381639fff09403e39a04926e2dbe",
        "version" : "0.7.1"
      }
    },
    {
      "identity" : "swift-crypto",
      "kind" : "remoteSourceControl",
      "location" : "https://github.com/apple/swift-crypto",
      "state" : {
        "revision" : "95ba0316a9b733e92bb6b071255ff46263bbe7dc",
        "version" : "3.15.1"
      }
    },
    {
      "identity" : "swiftgd",
      "kind" : "remoteSourceControl",
      "location" : "https://github.com/twostraws/SwiftGD",
      "state" : {
        "branch" : "main",
        "revision" : "58ad3b3960bcbeb2dc58cae3cabb033df44bef82"
      }
    },
    {
      "identity" : "swiftsoup",
      "kind" : "remoteSourceControl",
      "location" : "https://github.com/scinfu/SwiftSoup.git",
      "state" : {
        "revision" : "dba183c96b2da4e4b80bb31b1e2e59cb9542b8fc",
        "version" : "2.13.0"
      }
    },
    {
      "identity" : "swifttailwind",
      "kind" : "remoteSourceControl",
      "location" : "https://github.com/loopwerk/SwiftTailwind",
      "state" : {
        "revision" : "afad3ef3a071639ced34aa95f9b24f40e8288b41",
        "version" : "1.0.2"
      }
    },
    {
      "identity" : "swim",
      "kind" : "remoteSourceControl",
      "location" : "https://github.com/robb/Swim",
      "state" : {
        "revision" : "a0943e6f3cb5751ee7b69ed43a33613ea67d0c6a",
        "version" : "0.4.0"
      }
    }
  ],
  "version" : 3
}
