{
  "pins" : [
    {
      "identity" : "parsley",
      "kind" : "remoteSourceControl",
      "location" : "https://github.com/loopwerk/Parsley",
      "state" : {
        "revision" : "ad35091c7a790f04fc5a912c8bde8963eba753d2",
        "version" : "0.9.1"
      }
    },
    {
      "identity" : "pathkit",
      "kind" : "remoteSourceControl",
      "location" : "https://github.com/kylef/PathKit",
      "state" : {
        "revision" : "3bfd2737b700b9a36565a8c94f4ad2b050a5e574",
        "version" : "1.0.1"
      }
    },
    {
      "identity" : "saga",
      "kind" : "remoteSourceControl",
      "location" : "https://github.com/loopwerk/Saga",
      "state" : {
        "revision" : "0ac96a8b50baf3addf15ca0b0a5040cfbb72f516",
        "version" : "2.5.0"
      }
    },
    {
      "identity" : "sagaparsleymarkdownreader",
      "kind" : "remoteSourceControl",
      "location" : "https://github.com/loopwerk/SagaParsleyMarkdownReader",
      "state" : {
        "revision" : "b5f26f35d8843b01bd9a884a6a9d9922c58b1cba",
        "version" : "1.0.1"
      }
    },
    {
      "identity" : "sagaswimrenderer",
      "kind" : "remoteSourceControl",
      "location" : "https://github.com/loopwerk/SagaSwimRenderer",
      "state" : {
        "revision" : "3ae2675d1a7feedb92b72796198c74956e5671f6",
        "version" : "1.0.1"
      }
    },
    {
      "identity" : "spectre",
      "kind" : "remoteSourceControl",
      "location" : "https://github.com/kylef/Spectre.git",
      "state" : {
        "revision" : "26cc5e9ae0947092c7139ef7ba612e34646086c7",
        "version" : "0.10.1"
      }
    },
    {
      "identity" : "swift-cmark-gfm",
      "kind" : "remoteSourceControl",
      "location" : "https://github.com/stackotter/swift-cmark-gfm",
      "state" : {
        "revision" : "7ec44e7384793e507cf046336aef68586719a24e",
        "version" : "1.0.2"
      }
    },
    {
      "identity" : "swiftgd",
      "kind" : "remoteSourceControl",
      "location" : "https://github.com/twostraws/SwiftGD",
      "state" : {
        "branch" : "main",
        "revision" : "07650dcb343d5b045598459fd3aad0936e0259bf"
      }
    },
    {
      "identity" : "swiftsoup",
      "kind" : "remoteSourceControl",
      "location" : "https://github.com/scinfu/SwiftSoup",
      "state" : {
        "revision" : "d1d6add8f277bd76992a0f7e72961a896609b707",
        "version" : "2.9.5"
      }
    },
    {
      "identity" : "swim",
      "kind" : "remoteSourceControl",
      "location" : "https://github.com/robb/Swim",
      "state" : {
        "revision" : "a0943e6f3cb5751ee7b69ed43a33613ea67d0c6a",
        "version" : "0.4.0"
      }
    }
  ],
  "version" : 2
}
