{
  "object": {
    "pins": [
      {
        "package": "cmark",
        "repositoryURL": "https://github.com/brokenhandsio/cmark-gfm.git",
        "state": {
          "branch": null,
          "revision": "e97450a77a40f12b4f88f95891621c3b5d8669de",
          "version": "2.1.0"
        }
      },
      {
        "package": "Codextended",
        "repositoryURL": "https://github.com/JohnSundell/Codextended.git",
        "state": {
          "branch": null,
          "revision": "8d7c46dfc9c55240870cf5561d6cefa41e3d7105",
          "version": "0.3.0"
        }
      },
      {
        "package": "Parsley",
        "repositoryURL": "https://github.com/loopwerk/Parsley",
        "state": {
          "branch": null,
          "revision": "802ea134d61039f33717c36d5164d30aaa9e70e6",
          "version": "0.5.0"
        }
      },
      {
        "package": "PathKit",
        "repositoryURL": "https://github.com/loopwerk/PathKit",
        "state": {
          "branch": null,
          "revision": "a77fe683402ecfe2dfa9fa18e7aaca1a9f806f40",
          "version": "1.2.0"
        }
      },
      {
        "package": "PythonKit",
        "repositoryURL": "https://github.com/pvieito/PythonKit",
        "state": {
          "branch": null,
          "revision": "074622c6893188bbb7926eee2f7eece8a5124c47",
          "version": "0.1.0"
        }
      },
      {
        "package": "Saga",
        "repositoryURL": "https://github.com/loopwerk/Saga",
        "state": {
          "branch": null,
          "revision": "1114647c5f53ad7121f58c70c135c8539e64befe",
          "version": "0.22.0"
        }
      },
      {
        "package": "SagaParsleyMarkdownReader",
        "repositoryURL": "https://github.com/loopwerk/SagaParsleyMarkdownReader",
        "state": {
          "branch": null,
          "revision": "7cdc37d30292588a21d1ff9fe4466aae26dd854d",
          "version": "0.4.0"
        }
      },
      {
        "package": "SagaSwimRenderer",
        "repositoryURL": "https://github.com/loopwerk/SagaSwimRenderer",
        "state": {
          "branch": null,
          "revision": "fc2f0f27225daccfbd028b496fb4f84ab381f5d2",
          "version": "0.5.0"
        }
      },
      {
        "package": "Spectre",
        "repositoryURL": "https://github.com/kylef/Spectre.git",
        "state": {
          "branch": null,
          "revision": "26cc5e9ae0947092c7139ef7ba612e34646086c7",
          "version": "0.10.1"
        }
      },
      {
        "package": "SwiftSoup",
        "repositoryURL": "https://github.com/scinfu/SwiftSoup",
        "state": {
          "branch": null,
          "revision": "02c63b7be50bda384f22c56c64d347231754a07e",
          "version": "2.3.3"
        }
      },
      {
        "package": "HTML",
        "repositoryURL": "https://github.com/robb/Swim",
        "state": {
          "branch": null,
          "revision": "58bf32d8dcac4649d7a4f68a13beb136d6a86dd6",
          "version": "0.2.0"
        }
      }
    ]
  },
  "version": 1
}
